// !$*UTF8*$!
{
	archiveVersion = 1;
	classes = {
	};
	objectVersion = 56;
	objects = {

/* Begin PBXBuildFile section */
		EE991F442A4B21A800A0D6A7 /* AppDelegate.swift in Sources */ = {isa = PBXBuildFile; fileRef = EE991F432A4B21A800A0D6A7 /* AppDelegate.swift */; };
		EE991F462A4B21A800A0D6A7 /* SceneDelegate.swift in Sources */ = {isa = PBXBuildFile; fileRef = EE991F452A4B21A800A0D6A7 /* SceneDelegate.swift */; };
		EE991F482A4B21A800A0D6A7 /* RMTabBarController.swift in Sources */ = {isa = PBXBuildFile; fileRef = EE991F472A4B21A800A0D6A7 /* RMTabBarController.swift */; };
		EE991F4D2A4B21A900A0D6A7 /* Assets.xcassets in Resources */ = {isa = PBXBuildFile; fileRef = EE991F4C2A4B21A900A0D6A7 /* Assets.xcassets */; };
		EE991F502A4B21A900A0D6A7 /* LaunchScreen.storyboard in Resources */ = {isa = PBXBuildFile; fileRef = EE991F4E2A4B21A900A0D6A7 /* LaunchScreen.storyboard */; };
		EE991F612A4B278900A0D6A7 /* RMLocation.swift in Sources */ = {isa = PBXBuildFile; fileRef = EE991F602A4B278900A0D6A7 /* RMLocation.swift */; };
		EE991F632A4B279400A0D6A7 /* RMCharacter.swift in Sources */ = {isa = PBXBuildFile; fileRef = EE991F622A4B279400A0D6A7 /* RMCharacter.swift */; };
		EE991F652A4B279A00A0D6A7 /* RMEpisode.swift in Sources */ = {isa = PBXBuildFile; fileRef = EE991F642A4B279A00A0D6A7 /* RMEpisode.swift */; };
		EE991F682A4B282F00A0D6A7 /* RMCharacterViewController.swift in Sources */ = {isa = PBXBuildFile; fileRef = EE991F672A4B282F00A0D6A7 /* RMCharacterViewController.swift */; };
		EE991F6A2A4B283700A0D6A7 /* RMLocationViewController.swift in Sources */ = {isa = PBXBuildFile; fileRef = EE991F692A4B283700A0D6A7 /* RMLocationViewController.swift */; };
		EE991F6C2A4B284200A0D6A7 /* RMEpisodeViewController.swift in Sources */ = {isa = PBXBuildFile; fileRef = EE991F6B2A4B284200A0D6A7 /* RMEpisodeViewController.swift */; };
		EE991F6E2A4B285100A0D6A7 /* RMSettingsViewController.swift in Sources */ = {isa = PBXBuildFile; fileRef = EE991F6D2A4B285100A0D6A7 /* RMSettingsViewController.swift */; };
/* End PBXBuildFile section */

/* Begin PBXFileReference section */
		EE991F402A4B21A800A0D6A7 /* RickAndMorty-UIKit.app */ = {isa = PBXFileReference; explicitFileType = wrapper.application; includeInIndex = 0; path = "RickAndMorty-UIKit.app"; sourceTree = BUILT_PRODUCTS_DIR; };
		EE991F432A4B21A800A0D6A7 /* AppDelegate.swift */ = {isa = PBXFileReference; lastKnownFileType = sourcecode.swift; path = AppDelegate.swift; sourceTree = "<group>"; };
		EE991F452A4B21A800A0D6A7 /* SceneDelegate.swift */ = {isa = PBXFileReference; lastKnownFileType = sourcecode.swift; path = SceneDelegate.swift; sourceTree = "<group>"; };
		EE991F472A4B21A800A0D6A7 /* RMTabBarController.swift */ = {isa = PBXFileReference; lastKnownFileType = sourcecode.swift; path = RMTabBarController.swift; sourceTree = "<group>"; };
		EE991F4C2A4B21A900A0D6A7 /* Assets.xcassets */ = {isa = PBXFileReference; lastKnownFileType = folder.assetcatalog; path = Assets.xcassets; sourceTree = "<group>"; };
		EE991F4F2A4B21A900A0D6A7 /* Base */ = {isa = PBXFileReference; lastKnownFileType = file.storyboard; name = Base; path = Base.lproj/LaunchScreen.storyboard; sourceTree = "<group>"; };
		EE991F512A4B21A900A0D6A7 /* Info.plist */ = {isa = PBXFileReference; lastKnownFileType = text.plist.xml; path = Info.plist; sourceTree = "<group>"; };
		EE991F602A4B278900A0D6A7 /* RMLocation.swift */ = {isa = PBXFileReference; lastKnownFileType = sourcecode.swift; path = RMLocation.swift; sourceTree = "<group>"; };
		EE991F622A4B279400A0D6A7 /* RMCharacter.swift */ = {isa = PBXFileReference; lastKnownFileType = sourcecode.swift; path = RMCharacter.swift; sourceTree = "<group>"; };
		EE991F642A4B279A00A0D6A7 /* RMEpisode.swift */ = {isa = PBXFileReference; lastKnownFileType = sourcecode.swift; path = RMEpisode.swift; sourceTree = "<group>"; };
		EE991F672A4B282F00A0D6A7 /* RMCharacterViewController.swift */ = {isa = PBXFileReference; lastKnownFileType = sourcecode.swift; path = RMCharacterViewController.swift; sourceTree = "<group>"; };
		EE991F692A4B283700A0D6A7 /* RMLocationViewController.swift */ = {isa = PBXFileReference; lastKnownFileType = sourcecode.swift; path = RMLocationViewController.swift; sourceTree = "<group>"; };
		EE991F6B2A4B284200A0D6A7 /* RMEpisodeViewController.swift */ = {isa = PBXFileReference; lastKnownFileType = sourcecode.swift; path = RMEpisodeViewController.swift; sourceTree = "<group>"; };
		EE991F6D2A4B285100A0D6A7 /* RMSettingsViewController.swift */ = {isa = PBXFileReference; lastKnownFileType = sourcecode.swift; path = RMSettingsViewController.swift; sourceTree = "<group>"; };
/* End PBXFileReference section */

/* Begin PBXFrameworksBuildPhase section */
		EE991F3D2A4B21A800A0D6A7 /* Frameworks */ = {
			isa = PBXFrameworksBuildPhase;
			buildActionMask = 2147483647;
			files = (
			);
			runOnlyForDeploymentPostprocessing = 0;
		};
/* End PBXFrameworksBuildPhase section */

/* Begin PBXGroup section */
		EE991F372A4B21A800A0D6A7 = {
			isa = PBXGroup;
			children = (
				EE991F422A4B21A800A0D6A7 /* RickAndMorty-UIKit */,
				EE991F412A4B21A800A0D6A7 /* Products */,
			);
			sourceTree = "<group>";
		};
		EE991F412A4B21A800A0D6A7 /* Products */ = {
			isa = PBXGroup;
			children = (
				EE991F402A4B21A800A0D6A7 /* RickAndMorty-UIKit.app */,
			);
			name = Products;
			sourceTree = "<group>";
		};
		EE991F422A4B21A800A0D6A7 /* RickAndMorty-UIKit */ = {
			isa = PBXGroup;
			children = (
				EE991F5D2A4B26F900A0D6A7 /* Resources */,
				EE991F5C2A4B26EA00A0D6A7 /* Managers */,
				EE991F5B2A4B26D000A0D6A7 /* APIClient */,
				EE991F5A2A4B249C00A0D6A7 /* Controllers */,
				EE991F572A4B246C00A0D6A7 /* Models */,
				EE991F582A4B247400A0D6A7 /* Views */,
				EE991F592A4B247A00A0D6A7 /* ViewModels */,
				EE991F512A4B21A900A0D6A7 /* Info.plist */,
			);
			path = "RickAndMorty-UIKit";
			sourceTree = "<group>";
		};
		EE991F572A4B246C00A0D6A7 /* Models */ = {
			isa = PBXGroup;
			children = (
				EE991F602A4B278900A0D6A7 /* RMLocation.swift */,
				EE991F622A4B279400A0D6A7 /* RMCharacter.swift */,
				EE991F642A4B279A00A0D6A7 /* RMEpisode.swift */,
			);
			path = Models;
			sourceTree = "<group>";
		};
		EE991F582A4B247400A0D6A7 /* Views */ = {
			isa = PBXGroup;
			children = (
			);
			path = Views;
			sourceTree = "<group>";
		};
		EE991F592A4B247A00A0D6A7 /* ViewModels */ = {
			isa = PBXGroup;
			children = (
			);
			path = ViewModels;
			sourceTree = "<group>";
		};
		EE991F5A2A4B249C00A0D6A7 /* Controllers */ = {
			isa = PBXGroup;
			children = (
				EE991F662A4B27F800A0D6A7 /* Core */,
			);
			path = Controllers;
			sourceTree = "<group>";
		};
		EE991F5B2A4B26D000A0D6A7 /* APIClient */ = {
			isa = PBXGroup;
			children = (
			);
			path = APIClient;
			sourceTree = "<group>";
		};
		EE991F5C2A4B26EA00A0D6A7 /* Managers */ = {
			isa = PBXGroup;
			children = (
			);
			path = Managers;
			sourceTree = "<group>";
		};
		EE991F5D2A4B26F900A0D6A7 /* Resources */ = {
			isa = PBXGroup;
			children = (
				EE991F4C2A4B21A900A0D6A7 /* Assets.xcassets */,
				EE991F4E2A4B21A900A0D6A7 /* LaunchScreen.storyboard */,
				EE991F432A4B21A800A0D6A7 /* AppDelegate.swift */,
				EE991F452A4B21A800A0D6A7 /* SceneDelegate.swift */,
			);
			path = Resources;
			sourceTree = "<group>";
		};
		EE991F662A4B27F800A0D6A7 /* Core */ = {
			isa = PBXGroup;
			children = (
				EE991F472A4B21A800A0D6A7 /* RMTabBarController.swift */,
				EE991F672A4B282F00A0D6A7 /* RMCharacterViewController.swift */,
				EE991F692A4B283700A0D6A7 /* RMLocationViewController.swift */,
				EE991F6B2A4B284200A0D6A7 /* RMEpisodeViewController.swift */,
				EE991F6D2A4B285100A0D6A7 /* RMSettingsViewController.swift */,
			);
			path = Core;
			sourceTree = "<group>";
		};
/* End PBXGroup section */

/* Begin PBXNativeTarget section */
		EE991F3F2A4B21A800A0D6A7 /* RickAndMorty-UIKit */ = {
			isa = PBXNativeTarget;
			buildConfigurationList = EE991F542A4B21A900A0D6A7 /* Build configuration list for PBXNativeTarget "RickAndMorty-UIKit" */;
			buildPhases = (
				EE991F3C2A4B21A800A0D6A7 /* Sources */,
				EE991F3D2A4B21A800A0D6A7 /* Frameworks */,
				EE991F3E2A4B21A800A0D6A7 /* Resources */,
			);
			buildRules = (
			);
			dependencies = (
			);
			name = "RickAndMorty-UIKit";
			productName = "RickAndMorty-UIKit";
			productReference = EE991F402A4B21A800A0D6A7 /* RickAndMorty-UIKit.app */;
			productType = "com.apple.product-type.application";
		};
/* End PBXNativeTarget section */

/* Begin PBXProject section */
		EE991F382A4B21A800A0D6A7 /* Project object */ = {
			isa = PBXProject;
			attributes = {
				BuildIndependentTargetsInParallel = 1;
				LastSwiftUpdateCheck = 1430;
				LastUpgradeCheck = 1430;
				TargetAttributes = {
					EE991F3F2A4B21A800A0D6A7 = {
						CreatedOnToolsVersion = 14.3.1;
					};
				};
			};
			buildConfigurationList = EE991F3B2A4B21A800A0D6A7 /* Build configuration list for PBXProject "RickAndMorty-UIKit" */;
			compatibilityVersion = "Xcode 14.0";
			developmentRegion = en;
			hasScannedForEncodings = 0;
			knownRegions = (
				en,
				Base,
			);
			mainGroup = EE991F372A4B21A800A0D6A7;
			productRefGroup = EE991F412A4B21A800A0D6A7 /* Products */;
			projectDirPath = "";
			projectRoot = "";
			targets = (
				EE991F3F2A4B21A800A0D6A7 /* RickAndMorty-UIKit */,
			);
		};
/* End PBXProject section */

/* Begin PBXResourcesBuildPhase section */
		EE991F3E2A4B21A800A0D6A7 /* Resources */ = {
			isa = PBXResourcesBuildPhase;
			buildActionMask = 2147483647;
			files = (
				EE991F502A4B21A900A0D6A7 /* LaunchScreen.storyboard in Resources */,
				EE991F4D2A4B21A900A0D6A7 /* Assets.xcassets in Resources */,
			);
			runOnlyForDeploymentPostprocessing = 0;
		};
/* End PBXResourcesBuildPhase section */

/* Begin PBXSourcesBuildPhase section */
		EE991F3C2A4B21A800A0D6A7 /* Sources */ = {
			isa = PBXSourcesBuildPhase;
			buildActionMask = 2147483647;
			files = (
				EE991F6A2A4B283700A0D6A7 /* RMLocationViewController.swift in Sources */,
				EE991F652A4B279A00A0D6A7 /* RMEpisode.swift in Sources */,
				EE991F482A4B21A800A0D6A7 /* RMTabBarController.swift in Sources */,
				EE991F6C2A4B284200A0D6A7 /* RMEpisodeViewController.swift in Sources */,
				EE991F442A4B21A800A0D6A7 /* AppDelegate.swift in Sources */,
				EE991F462A4B21A800A0D6A7 /* SceneDelegate.swift in Sources */,
				EE991F6E2A4B285100A0D6A7 /* RMSettingsViewController.swift in Sources */,
				EE991F612A4B278900A0D6A7 /* RMLocation.swift in Sources */,
				EE991F632A4B279400A0D6A7 /* RMCharacter.swift in Sources */,
				EE991F682A4B282F00A0D6A7 /* RMCharacterViewController.swift in Sources */,
			);
			runOnlyForDeploymentPostprocessing = 0;
		};
/* End PBXSourcesBuildPhase section */

/* Begin PBXVariantGroup section */
		EE991F4E2A4B21A900A0D6A7 /* LaunchScreen.storyboard */ = {
			isa = PBXVariantGroup;
			children = (
				EE991F4F2A4B21A900A0D6A7 /* Base */,
			);
			name = LaunchScreen.storyboard;
			sourceTree = "<group>";
		};
/* End PBXVariantGroup section */

/* Begin XCBuildConfiguration section */
		EE991F522A4B21A900A0D6A7 /* Debug */ = {
			isa = XCBuildConfiguration;
			buildSettings = {
				ALWAYS_SEARCH_USER_PATHS = NO;
				CLANG_ANALYZER_NONNULL = YES;
				CLANG_ANALYZER_NUMBER_OBJECT_CONVERSION = YES_AGGRESSIVE;
				CLANG_CXX_LANGUAGE_STANDARD = "gnu++20";
				CLANG_ENABLE_MODULES = YES;
				CLANG_ENABLE_OBJC_ARC = YES;
				CLANG_ENABLE_OBJC_WEAK = YES;
				CLANG_WARN_BLOCK_CAPTURE_AUTORELEASING = YES;
				CLANG_WARN_BOOL_CONVERSION = YES;
				CLANG_WARN_COMMA = YES;
				CLANG_WARN_CONSTANT_CONVERSION = YES;
				CLANG_WARN_DEPRECATED_OBJC_IMPLEMENTATIONS = YES;
				CLANG_WARN_DIRECT_OBJC_ISA_USAGE = YES_ERROR;
				CLANG_WARN_DOCUMENTATION_COMMENTS = YES;
				CLANG_WARN_EMPTY_BODY = YES;
				CLANG_WARN_ENUM_CONVERSION = YES;
				CLANG_WARN_INFINITE_RECURSION = YES;
				CLANG_WARN_INT_CONVERSION = YES;
				CLANG_WARN_NON_LITERAL_NULL_CONVERSION = YES;
				CLANG_WARN_OBJC_IMPLICIT_RETAIN_SELF = YES;
				CLANG_WARN_OBJC_LITERAL_CONVERSION = YES;
				CLANG_WARN_OBJC_ROOT_CLASS = YES_ERROR;
				CLANG_WARN_QUOTED_INCLUDE_IN_FRAMEWORK_HEADER = YES;
				CLANG_WARN_RANGE_LOOP_ANALYSIS = YES;
				CLANG_WARN_STRICT_PROTOTYPES = YES;
				CLANG_WARN_SUSPICIOUS_MOVE = YES;
				CLANG_WARN_UNGUARDED_AVAILABILITY = YES_AGGRESSIVE;
				CLANG_WARN_UNREACHABLE_CODE = YES;
				CLANG_WARN__DUPLICATE_METHOD_MATCH = YES;
				COPY_PHASE_STRIP = NO;
				DEBUG_INFORMATION_FORMAT = dwarf;
				ENABLE_STRICT_OBJC_MSGSEND = YES;
				ENABLE_TESTABILITY = YES;
				GCC_C_LANGUAGE_STANDARD = gnu11;
				GCC_DYNAMIC_NO_PIC = NO;
				GCC_NO_COMMON_BLOCKS = YES;
				GCC_OPTIMIZATION_LEVEL = 0;
				GCC_PREPROCESSOR_DEFINITIONS = (
					"DEBUG=1",
					"$(inherited)",
				);
				GCC_WARN_64_TO_32_BIT_CONVERSION = YES;
				GCC_WARN_ABOUT_RETURN_TYPE = YES_ERROR;
				GCC_WARN_UNDECLARED_SELECTOR = YES;
				GCC_WARN_UNINITIALIZED_AUTOS = YES_AGGRESSIVE;
				GCC_WARN_UNUSED_FUNCTION = YES;
				GCC_WARN_UNUSED_VARIABLE = YES;
				IPHONEOS_DEPLOYMENT_TARGET = 16.4;
				MTL_ENABLE_DEBUG_INFO = INCLUDE_SOURCE;
				MTL_FAST_MATH = YES;
				ONLY_ACTIVE_ARCH = YES;
				SDKROOT = iphoneos;
				SWIFT_ACTIVE_COMPILATION_CONDITIONS = DEBUG;
				SWIFT_OPTIMIZATION_LEVEL = "-Onone";
			};
			name = Debug;
		};
		EE991F532A4B21A900A0D6A7 /* Release */ = {
			isa = XCBuildConfiguration;
			buildSettings = {
				ALWAYS_SEARCH_USER_PATHS = NO;
				CLANG_ANALYZER_NONNULL = YES;
				CLANG_ANALYZER_NUMBER_OBJECT_CONVERSION = YES_AGGRESSIVE;
				CLANG_CXX_LANGUAGE_STANDARD = "gnu++20";
				CLANG_ENABLE_MODULES = YES;
				CLANG_ENABLE_OBJC_ARC = YES;
				CLANG_ENABLE_OBJC_WEAK = YES;
				CLANG_WARN_BLOCK_CAPTURE_AUTORELEASING = YES;
				CLANG_WARN_BOOL_CONVERSION = YES;
				CLANG_WARN_COMMA = YES;
				CLANG_WARN_CONSTANT_CONVERSION = YES;
				CLANG_WARN_DEPRECATED_OBJC_IMPLEMENTATIONS = YES;
				CLANG_WARN_DIRECT_OBJC_ISA_USAGE = YES_ERROR;
				CLANG_WARN_DOCUMENTATION_COMMENTS = YES;
				CLANG_WARN_EMPTY_BODY = YES;
				CLANG_WARN_ENUM_CONVERSION = YES;
				CLANG_WARN_INFINITE_RECURSION = YES;
				CLANG_WARN_INT_CONVERSION = YES;
				CLANG_WARN_NON_LITERAL_NULL_CONVERSION = YES;
				CLANG_WARN_OBJC_IMPLICIT_RETAIN_SELF = YES;
				CLANG_WARN_OBJC_LITERAL_CONVERSION = YES;
				CLANG_WARN_OBJC_ROOT_CLASS = YES_ERROR;
				CLANG_WARN_QUOTED_INCLUDE_IN_FRAMEWORK_HEADER = YES;
				CLANG_WARN_RANGE_LOOP_ANALYSIS = YES;
				CLANG_WARN_STRICT_PROTOTYPES = YES;
				CLANG_WARN_SUSPICIOUS_MOVE = YES;
				CLANG_WARN_UNGUARDED_AVAILABILITY = YES_AGGRESSIVE;
				CLANG_WARN_UNREACHABLE_CODE = YES;
				CLANG_WARN__DUPLICATE_METHOD_MATCH = YES;
				COPY_PHASE_STRIP = NO;
				DEBUG_INFORMATION_FORMAT = "dwarf-with-dsym";
				ENABLE_NS_ASSERTIONS = NO;
				ENABLE_STRICT_OBJC_MSGSEND = YES;
				GCC_C_LANGUAGE_STANDARD = gnu11;
				GCC_NO_COMMON_BLOCKS = YES;
				GCC_WARN_64_TO_32_BIT_CONVERSION = YES;
				GCC_WARN_ABOUT_RETURN_TYPE = YES_ERROR;
				GCC_WARN_UNDECLARED_SELECTOR = YES;
				GCC_WARN_UNINITIALIZED_AUTOS = YES_AGGRESSIVE;
				GCC_WARN_UNUSED_FUNCTION = YES;
				GCC_WARN_UNUSED_VARIABLE = YES;
				IPHONEOS_DEPLOYMENT_TARGET = 16.4;
				MTL_ENABLE_DEBUG_INFO = NO;
				MTL_FAST_MATH = YES;
				SDKROOT = iphoneos;
				SWIFT_COMPILATION_MODE = wholemodule;
				SWIFT_OPTIMIZATION_LEVEL = "-O";
				VALIDATE_PRODUCT = YES;
			};
			name = Release;
		};
		EE991F552A4B21A900A0D6A7 /* Debug */ = {
			isa = XCBuildConfiguration;
			buildSettings = {
				ASSETCATALOG_COMPILER_APPICON_NAME = AppIcon;
				ASSETCATALOG_COMPILER_GLOBAL_ACCENT_COLOR_NAME = AccentColor;
				CODE_SIGN_STYLE = Automatic;
				CURRENT_PROJECT_VERSION = 1;
				DEVELOPMENT_TEAM = D224G46U3V;
				GENERATE_INFOPLIST_FILE = YES;
				INFOPLIST_FILE = "RickAndMorty-UIKit/Info.plist";
				INFOPLIST_KEY_UIApplicationSupportsIndirectInputEvents = YES;
				INFOPLIST_KEY_UILaunchStoryboardName = LaunchScreen;
				INFOPLIST_KEY_UISupportedInterfaceOrientations_iPad = "UIInterfaceOrientationPortrait UIInterfaceOrientationPortraitUpsideDown UIInterfaceOrientationLandscapeLeft UIInterfaceOrientationLandscapeRight";
				INFOPLIST_KEY_UISupportedInterfaceOrientations_iPhone = "UIInterfaceOrientationPortrait UIInterfaceOrientationLandscapeLeft UIInterfaceOrientationLandscapeRight";
				LD_RUNPATH_SEARCH_PATHS = (
					"$(inherited)",
					"@executable_path/Frameworks",
				);
				MARKETING_VERSION = 1.0;
				PRODUCT_BUNDLE_IDENTIFIER = "com.merturhan.RickAndMorty-UIKit";
				PRODUCT_NAME = "$(TARGET_NAME)";
				SUPPORTED_PLATFORMS = "iphoneos iphonesimulator";
				SUPPORTS_MACCATALYST = NO;
				SUPPORTS_MAC_DESIGNED_FOR_IPHONE_IPAD = NO;
				SWIFT_EMIT_LOC_STRINGS = YES;
				SWIFT_VERSION = 5.0;
				TARGETED_DEVICE_FAMILY = 1;
			};
			name = Debug;
		};
		EE991F562A4B21A900A0D6A7 /* Release */ = {
			isa = XCBuildConfiguration;
			buildSettings = {
				ASSETCATALOG_COMPILER_APPICON_NAME = AppIcon;
				ASSETCATALOG_COMPILER_GLOBAL_ACCENT_COLOR_NAME = AccentColor;
				CODE_SIGN_STYLE = Automatic;
				CURRENT_PROJECT_VERSION = 1;
				DEVELOPMENT_TEAM = D224G46U3V;
				GENERATE_INFOPLIST_FILE = YES;
				INFOPLIST_FILE = "RickAndMorty-UIKit/Info.plist";
				INFOPLIST_KEY_UIApplicationSupportsIndirectInputEvents = YES;
				INFOPLIST_KEY_UILaunchStoryboardName = LaunchScreen;
				INFOPLIST_KEY_UISupportedInterfaceOrientations_iPad = "UIInterfaceOrientationPortrait UIInterfaceOrientationPortraitUpsideDown UIInterfaceOrientationLandscapeLeft UIInterfaceOrientationLandscapeRight";
				INFOPLIST_KEY_UISupportedInterfaceOrientations_iPhone = "UIInterfaceOrientationPortrait UIInterfaceOrientationLandscapeLeft UIInterfaceOrientationLandscapeRight";
				LD_RUNPATH_SEARCH_PATHS = (
					"$(inherited)",
					"@executable_path/Frameworks",
				);
				MARKETING_VERSION = 1.0;
				PRODUCT_BUNDLE_IDENTIFIER = "com.merturhan.RickAndMorty-UIKit";
				PRODUCT_NAME = "$(TARGET_NAME)";
				SUPPORTED_PLATFORMS = "iphoneos iphonesimulator";
				SUPPORTS_MACCATALYST = NO;
				SUPPORTS_MAC_DESIGNED_FOR_IPHONE_IPAD = NO;
				SWIFT_EMIT_LOC_STRINGS = YES;
				SWIFT_VERSION = 5.0;
				TARGETED_DEVICE_FAMILY = 1;
			};
			name = Release;
		};
/* End XCBuildConfiguration section */

/* Begin XCConfigurationList section */
		EE991F3B2A4B21A800A0D6A7 /* Build configuration list for PBXProject "RickAndMorty-UIKit" */ = {
			isa = XCConfigurationList;
			buildConfigurations = (
				EE991F522A4B21A900A0D6A7 /* Debug */,
				EE991F532A4B21A900A0D6A7 /* Release */,
			);
			defaultConfigurationIsVisible = 0;
			defaultConfigurationName = Release;
		};
		EE991F542A4B21A900A0D6A7 /* Build configuration list for PBXNativeTarget "RickAndMorty-UIKit" */ = {
			isa = XCConfigurationList;
			buildConfigurations = (
				EE991F552A4B21A900A0D6A7 /* Debug */,
				EE991F562A4B21A900A0D6A7 /* Release */,
			);
			defaultConfigurationIsVisible = 0;
			defaultConfigurationName = Release;
		};
/* End XCConfigurationList section */
	};
	rootObject = EE991F382A4B21A800A0D6A7 /* Project object */;
}
